
Microsoft Visual Studio Solution File, Format Version 12.00
# Visual Studio Version 16
VisualStudioVersion = 16.0.30804.86
MinimumVisualStudioVersion = 10.0.40219.1
Project("{FAE04EC0-301F-11D3-BF4B-00C04F79EFBC}") = "WPF functionality 3", "WPF functionality 3\WPF functionality 3.csproj", "{EEB09620-3D7C-4DC6-9580-D69595A7AE5F}"
EndProject
Global
	GlobalSection(SolutionConfigurationPlatforms) = preSolution
		Debug|Any CPU = Debug|Any CPU
		Release|Any CPU = Release|Any CPU
	EndGlobalSection
	GlobalSection(ProjectConfigurationPlatforms) = postSolution
		{EEB09620-3D7C-4DC6-9580-D69595A7AE5F}.Debug|Any CPU.ActiveCfg = Debug|Any CPU
		{EEB09620-3D7C-4DC6-9580-D69595A7AE5F}.Debug|Any CPU.Build.0 = Debug|Any CPU
		{EEB09620-3D7C-4DC6-9580-D69595A7AE5F}.Release|Any CPU.ActiveCfg = Release|Any CPU
		{EEB09620-3D7C-4DC6-9580-D69595A7AE5F}.Release|Any CPU.Build.0 = Release|Any CPU
	EndGlobalSection
	GlobalSection(SolutionProperties) = preSolution
		HideSolutionNode = FALSE
	EndGlobalSection
	GlobalSection(ExtensibilityGlobals) = postSolution
		SolutionGuid = {3EC10AF5-3C58-4139-A536-14B778B5D5BA}
	EndGlobalSection
EndGlobal
